
Microsoft Visual Studio Solution File, Format Version 12.00
# Visual Studio Version 17
VisualStudioVersion = 17.8.34408.163
MinimumVisualStudioVersion = 10.0.40219.1
Project("{FAE04EC0-301F-11D3-BF4B-00C04F79EFBC}") = "pizzaenrique", "pizzaenrique\pizzaenrique.csproj", "{BC4998DF-649C-4228-AE91-FDD493D70BAB}"
EndProject
Global
	GlobalSection(SolutionConfigurationPlatforms) = preSolution
		Debug|Any CPU = Debug|Any CPU
		Release|Any CPU = Release|Any CPU
	EndGlobalSection
	GlobalSection(ProjectConfigurationPlatforms) = postSolution
		{BC4998DF-649C-4228-AE91-FDD493D70BAB}.Debug|Any CPU.ActiveCfg = Debug|Any CPU
		{BC4998DF-649C-4228-AE91-FDD493D70BAB}.Debug|Any CPU.Build.0 = Debug|Any CPU
		{BC4998DF-649C-4228-AE91-FDD493D70BAB}.Release|Any CPU.ActiveCfg = Release|Any CPU
		{BC4998DF-649C-4228-AE91-FDD493D70BAB}.Release|Any CPU.Build.0 = Release|Any CPU
	EndGlobalSection
	GlobalSection(SolutionProperties) = preSolution
		HideSolutionNode = FALSE
	EndGlobalSection
	GlobalSection(ExtensibilityGlobals) = postSolution
		SolutionGuid = {C991E169-EA4F-40BB-987B-EDEAB2269728}
	EndGlobalSection
EndGlobal
