
Microsoft Visual Studio Solution File, Format Version 12.00
# Visual Studio Version 17
VisualStudioVersion = 17.4.33213.308
MinimumVisualStudioVersion = 10.0.40219.1
Project("{FAE04EC0-301F-11D3-BF4B-00C04F79EFBC}") = "TT18", "TT18\TT18.csproj", "{30858DD6-22BD-4E4A-ABF5-EFE5BC6F5765}"
EndProject
Global
	GlobalSection(SolutionConfigurationPlatforms) = preSolution
		Debug|Any CPU = Debug|Any CPU
		Release|Any CPU = Release|Any CPU
	EndGlobalSection
	GlobalSection(ProjectConfigurationPlatforms) = postSolution
		{30858DD6-22BD-4E4A-ABF5-EFE5BC6F5765}.Debug|Any CPU.ActiveCfg = Debug|Any CPU
		{30858DD6-22BD-4E4A-ABF5-EFE5BC6F5765}.Debug|Any CPU.Build.0 = Debug|Any CPU
		{30858DD6-22BD-4E4A-ABF5-EFE5BC6F5765}.Release|Any CPU.ActiveCfg = Release|Any CPU
		{30858DD6-22BD-4E4A-ABF5-EFE5BC6F5765}.Release|Any CPU.Build.0 = Release|Any CPU
	EndGlobalSection
	GlobalSection(SolutionProperties) = preSolution
		HideSolutionNode = FALSE
	EndGlobalSection
	GlobalSection(ExtensibilityGlobals) = postSolution
		SolutionGuid = {89C6624A-EADC-43D3-A218-140717A7A16C}
	EndGlobalSection
EndGlobal
