
Microsoft Visual Studio Solution File, Format Version 12.00
# Visual Studio Version 17
VisualStudioVersion = 17.4.33213.308
MinimumVisualStudioVersion = 10.0.40219.1
Project("{FAE04EC0-301F-11D3-BF4B-00C04F79EFBC}") = "T1", "T1\T1.csproj", "{76AE49DE-8065-4D6D-9F6E-B2B54D9D275C}"
EndProject
Global
	GlobalSection(SolutionConfigurationPlatforms) = preSolution
		Debug|Any CPU = Debug|Any CPU
		Release|Any CPU = Release|Any CPU
	EndGlobalSection
	GlobalSection(ProjectConfigurationPlatforms) = postSolution
		{76AE49DE-8065-4D6D-9F6E-B2B54D9D275C}.Debug|Any CPU.ActiveCfg = Debug|Any CPU
		{76AE49DE-8065-4D6D-9F6E-B2B54D9D275C}.Debug|Any CPU.Build.0 = Debug|Any CPU
		{76AE49DE-8065-4D6D-9F6E-B2B54D9D275C}.Release|Any CPU.ActiveCfg = Release|Any CPU
		{76AE49DE-8065-4D6D-9F6E-B2B54D9D275C}.Release|Any CPU.Build.0 = Release|Any CPU
	EndGlobalSection
	GlobalSection(SolutionProperties) = preSolution
		HideSolutionNode = FALSE
	EndGlobalSection
	GlobalSection(ExtensibilityGlobals) = postSolution
		SolutionGuid = {87F94F74-658A-4B31-B0AB-79DE10B209A1}
	EndGlobalSection
EndGlobal
