
Microsoft Visual Studio Solution File, Format Version 12.00
# Visual Studio Version 17
VisualStudioVersion = 17.4.33213.308
MinimumVisualStudioVersion = 10.0.40219.1
Project("{FAE04EC0-301F-11D3-BF4B-00C04F79EFBC}") = "omanimi", "omanimi\omanimi.csproj", "{AFF34DF4-19D6-4B38-9A46-EB1FFDD077F2}"
EndProject
Global
	GlobalSection(SolutionConfigurationPlatforms) = preSolution
		Debug|Any CPU = Debug|Any CPU
		Release|Any CPU = Release|Any CPU
	EndGlobalSection
	GlobalSection(ProjectConfigurationPlatforms) = postSolution
		{AFF34DF4-19D6-4B38-9A46-EB1FFDD077F2}.Debug|Any CPU.ActiveCfg = Debug|Any CPU
		{AFF34DF4-19D6-4B38-9A46-EB1FFDD077F2}.Debug|Any CPU.Build.0 = Debug|Any CPU
		{AFF34DF4-19D6-4B38-9A46-EB1FFDD077F2}.Release|Any CPU.ActiveCfg = Release|Any CPU
		{AFF34DF4-19D6-4B38-9A46-EB1FFDD077F2}.Release|Any CPU.Build.0 = Release|Any CPU
	EndGlobalSection
	GlobalSection(SolutionProperties) = preSolution
		HideSolutionNode = FALSE
	EndGlobalSection
	GlobalSection(ExtensibilityGlobals) = postSolution
		SolutionGuid = {9D004421-436F-4677-9539-43AF5E011C63}
	EndGlobalSection
EndGlobal
