
Microsoft Visual Studio Solution File, Format Version 12.00
# Visual Studio Version 17
VisualStudioVersion = 17.7.34003.232
MinimumVisualStudioVersion = 10.0.40219.1
Project("{FAE04EC0-301F-11D3-BF4B-00C04F79EFBC}") = "Hotelli_asiakashallinta", "Hotelli_asiakashallinta\Hotelli_asiakashallinta.csproj", "{FB3B9BC2-6DAB-4AE0-A0F2-217265268D53}"
EndProject
Global
	GlobalSection(SolutionConfigurationPlatforms) = preSolution
		Debug|Any CPU = Debug|Any CPU
		Release|Any CPU = Release|Any CPU
	EndGlobalSection
	GlobalSection(ProjectConfigurationPlatforms) = postSolution
		{FB3B9BC2-6DAB-4AE0-A0F2-217265268D53}.Debug|Any CPU.ActiveCfg = Debug|Any CPU
		{FB3B9BC2-6DAB-4AE0-A0F2-217265268D53}.Debug|Any CPU.Build.0 = Debug|Any CPU
		{FB3B9BC2-6DAB-4AE0-A0F2-217265268D53}.Release|Any CPU.ActiveCfg = Release|Any CPU
		{FB3B9BC2-6DAB-4AE0-A0F2-217265268D53}.Release|Any CPU.Build.0 = Release|Any CPU
	EndGlobalSection
	GlobalSection(SolutionProperties) = preSolution
		HideSolutionNode = FALSE
	EndGlobalSection
	GlobalSection(ExtensibilityGlobals) = postSolution
		SolutionGuid = {AB78593A-ECDA-4344-965C-D7EF7264690E}
	EndGlobalSection
EndGlobal
