
Microsoft Visual Studio Solution File, Format Version 12.00
# Visual Studio Version 17
VisualStudioVersion = 17.4.33213.308
MinimumVisualStudioVersion = 10.0.40219.1
Project("{FAE04EC0-301F-11D3-BF4B-00C04F79EFBC}") = "yksinumerot", "yksinumerot\yksinumerot.csproj", "{BAA22D93-7973-42ED-8D39-2894800F78D2}"
EndProject
Global
	GlobalSection(SolutionConfigurationPlatforms) = preSolution
		Debug|Any CPU = Debug|Any CPU
		Release|Any CPU = Release|Any CPU
	EndGlobalSection
	GlobalSection(ProjectConfigurationPlatforms) = postSolution
		{BAA22D93-7973-42ED-8D39-2894800F78D2}.Debug|Any CPU.ActiveCfg = Debug|Any CPU
		{BAA22D93-7973-42ED-8D39-2894800F78D2}.Debug|Any CPU.Build.0 = Debug|Any CPU
		{BAA22D93-7973-42ED-8D39-2894800F78D2}.Release|Any CPU.ActiveCfg = Release|Any CPU
		{BAA22D93-7973-42ED-8D39-2894800F78D2}.Release|Any CPU.Build.0 = Release|Any CPU
	EndGlobalSection
	GlobalSection(SolutionProperties) = preSolution
		HideSolutionNode = FALSE
	EndGlobalSection
	GlobalSection(ExtensibilityGlobals) = postSolution
		SolutionGuid = {9C6215B3-5B71-4401-B0A1-37362F63D14F}
	EndGlobalSection
EndGlobal
