
Microsoft Visual Studio Solution File, Format Version 12.00
# Visual Studio Version 17
VisualStudioVersion = 17.8.34408.163
MinimumVisualStudioVersion = 10.0.40219.1
Project("{FAE04EC0-301F-11D3-BF4B-00C04F79EFBC}") = "T7", "T7\T7.csproj", "{6178A2AE-1625-4B86-BEF5-957EB4BC4228}"
EndProject
Global
	GlobalSection(SolutionConfigurationPlatforms) = preSolution
		Debug|Any CPU = Debug|Any CPU
		Release|Any CPU = Release|Any CPU
	EndGlobalSection
	GlobalSection(ProjectConfigurationPlatforms) = postSolution
		{6178A2AE-1625-4B86-BEF5-957EB4BC4228}.Debug|Any CPU.ActiveCfg = Debug|Any CPU
		{6178A2AE-1625-4B86-BEF5-957EB4BC4228}.Debug|Any CPU.Build.0 = Debug|Any CPU
		{6178A2AE-1625-4B86-BEF5-957EB4BC4228}.Release|Any CPU.ActiveCfg = Release|Any CPU
		{6178A2AE-1625-4B86-BEF5-957EB4BC4228}.Release|Any CPU.Build.0 = Release|Any CPU
	EndGlobalSection
	GlobalSection(SolutionProperties) = preSolution
		HideSolutionNode = FALSE
	EndGlobalSection
	GlobalSection(ExtensibilityGlobals) = postSolution
		SolutionGuid = {573FFDFB-33F5-44CB-970B-050C3AF542F6}
	EndGlobalSection
EndGlobal
